{
  "name": "nationscript",
  "lockfileVersion": 2,
  "requires": true,
  "packages": {
    "": {
      "dependencies": {
        "xml-flow": "^1.0.4"
      }
    },
    "node_modules/sax": {
      "version": "1.2.4",
      "resolved": "https://registry.npmjs.org/sax/-/sax-1.2.4.tgz",
      "integrity": "sha512-NqVDv9TpANUjFm0N8uM5GxL36UgKi9/atZw+x7YFnQ8ckwFGKrl4xX4yWtrey3UJm5nP1kUbnYgLopqWNSRhWw=="
    },
    "node_modules/xml-flow": {
      "version": "1.0.4",
      "resolved": "https://registry.npmjs.org/xml-flow/-/xml-flow-1.0.4.tgz",
      "integrity": "sha512-r19LXKPL7vkVGL6oWHlESoBgwUVom5w/w8opuS53qULh8+K2w+K9K72edTIQa+X/Vxx1R7ugnCabHFSZ1Tv2zA==",
      "dependencies": {
        "sax": "^1.2.4"
      }
    }
  },
  "dependencies": {
    "sax": {
      "version": "1.2.4",
      "resolved": "https://registry.npmjs.org/sax/-/sax-1.2.4.tgz",
      "integrity": "sha512-NqVDv9TpANUjFm0N8uM5GxL36UgKi9/atZw+x7YFnQ8ckwFGKrl4xX4yWtrey3UJm5nP1kUbnYgLopqWNSRhWw=="
    },
    "xml-flow": {
      "version": "1.0.4",
      "resolved": "https://registry.npmjs.org/xml-flow/-/xml-flow-1.0.4.tgz",
      "integrity": "sha512-r19LXKPL7vkVGL6oWHlESoBgwUVom5w/w8opuS53qULh8+K2w+K9K72edTIQa+X/Vxx1R7ugnCabHFSZ1Tv2zA==",
      "requires": {
        "sax": "^1.2.4"
      }
    }
  }
}
