{
	"name": "nationscript",
	"version": "2.0.0",
	"lockfileVersion": 2,
	"requires": true,
	"packages": {
		"": {
			"name": "nationscript",
			"version": "2.0.0",
			"license": "MPL-2.0",
			"dependencies": {
				"node-xml-stream-parser": "^1.0.12"
			},
			"engines": {
				"node": ">=14.0.0"
			}
		},
		"node_modules/node-xml-stream-parser": {
			"version": "1.0.12",
			"resolved": "https://registry.npmjs.org/node-xml-stream-parser/-/node-xml-stream-parser-1.0.12.tgz",
			"integrity": "sha512-qfUiDv1F6OMSltv2/ay32q7fp995OrA3TmEdlwFcxEjAQPiEAH+qi3jAh0QjOTXNbdLa5hoYhuBPCiylllGfjg=="
		}
	},
	"dependencies": {
		"node-xml-stream-parser": {
			"version": "1.0.12",
			"resolved": "https://registry.npmjs.org/node-xml-stream-parser/-/node-xml-stream-parser-1.0.12.tgz",
			"integrity": "sha512-qfUiDv1F6OMSltv2/ay32q7fp995OrA3TmEdlwFcxEjAQPiEAH+qi3jAh0QjOTXNbdLa5hoYhuBPCiylllGfjg=="
		}
	}
}
